[root]
name = "city_internal"
version = "0.0.0"
dependencies = [
 "lib-math 0.0.0",
 "sulphate-lib 0.1.0 (git+https://github.com/spiveeworks/sulphate)",
]

[[package]]
name = "fix"
version = "0.1.0"
source = "registry+https://github.com/rust-lang/crates.io-index"
dependencies = [
 "typenum 1.9.0 (registry+https://github.com/rust-lang/crates.io-index)",
]

[[package]]
name = "lib-math"
version = "0.0.0"
dependencies = [
 "fix 0.1.0 (registry+https://github.com/rust-lang/crates.io-index)",
 "typenum 1.9.0 (registry+https://github.com/rust-lang/crates.io-index)",
]

[[package]]
name = "sulphate-lib"
version = "0.1.0"
source = "git+https://github.com/spiveeworks/sulphate#b4250fffb21b4ac5408702ed208f0676f32cfa69"

[[package]]
name = "typenum"
version = "1.9.0"
source = "registry+https://github.com/rust-lang/crates.io-index"

[metadata]
"checksum fix 0.1.0 (registry+https://github.com/rust-lang/crates.io-index)" = "e169279fcc1ca5a97c82dd1f7b5de91d48b57483a07faae5afc92b176e36b457"
"checksum sulphate-lib 0.1.0 (git+https://github.com/spiveeworks/sulphate)" = "<none>"
"checksum typenum 1.9.0 (registry+https://github.com/rust-lang/crates.io-index)" = "13a99dc6780ef33c78780b826cf9d2a78840b72cae9474de4bcaf9051e60ebbd"
