[[package]]
name = "fix"
version = "0.1.1"
source = "registry+https://github.com/rust-lang/crates.io-index"
dependencies = [
 "typenum 1.9.0 (registry+https://github.com/rust-lang/crates.io-index)",
]

[[package]]
name = "lib-math"
version = "0.3.1"
dependencies = [
 "fix 0.1.1 (registry+https://github.com/rust-lang/crates.io-index)",
 "typenum 1.9.0 (registry+https://github.com/rust-lang/crates.io-index)",
]

[[package]]
name = "typenum"
version = "1.9.0"
source = "registry+https://github.com/rust-lang/crates.io-index"

[metadata]
"checksum fix 0.1.1 (registry+https://github.com/rust-lang/crates.io-index)" = "915708177c784db10dbbeccb18d302f77a30c8443b45d0e4494055f26c23cbd0"
"checksum typenum 1.9.0 (registry+https://github.com/rust-lang/crates.io-index)" = "13a99dc6780ef33c78780b826cf9d2a78840b72cae9474de4bcaf9051e60ebbd"
