[root]
name = "lib-math"
version = "0.0.0"
dependencies = [
 "fix 0.1.0 (registry+https://github.com/rust-lang/crates.io-index)",
 "typenum 1.9.0 (registry+https://github.com/rust-lang/crates.io-index)",
]

[[package]]
name = "fix"
version = "0.1.0"
source = "registry+https://github.com/rust-lang/crates.io-index"
dependencies = [
 "typenum 1.9.0 (registry+https://github.com/rust-lang/crates.io-index)",
]

[[package]]
name = "typenum"
version = "1.9.0"
source = "registry+https://github.com/rust-lang/crates.io-index"

[metadata]
"checksum fix 0.1.0 (registry+https://github.com/rust-lang/crates.io-index)" = "e169279fcc1ca5a97c82dd1f7b5de91d48b57483a07faae5afc92b176e36b457"
"checksum typenum 1.9.0 (registry+https://github.com/rust-lang/crates.io-index)" = "13a99dc6780ef33c78780b826cf9d2a78840b72cae9474de4bcaf9051e60ebbd"
